// !$*UTF8*$!
{
	archiveVersion = 1;
	classes = {
	};
	objectVersion = 46;
	objects = {

/* Begin PBXBuildFile section */
		326F390A1BA90E0600D395CA /* AppDelegate.swift in Sources */ = {isa = PBXBuildFile; fileRef = 326F39091BA90E0600D395CA /* AppDelegate.swift */; };
		326F390C1BA90E0600D395CA /* ViewController.swift in Sources */ = {isa = PBXBuildFile; fileRef = 326F390B1BA90E0600D395CA /* ViewController.swift */; };
		326F390F1BA90E0600D395CA /* Main.storyboard in Resources */ = {isa = PBXBuildFile; fileRef = 326F390D1BA90E0600D395CA /* Main.storyboard */; };
		326F39111BA90E0600D395CA /* Assets.xcassets in Resources */ = {isa = PBXBuildFile; fileRef = 326F39101BA90E0600D395CA /* Assets.xcassets */; };
		326F39141BA90E0600D395CA /* LaunchScreen.storyboard in Resources */ = {isa = PBXBuildFile; fileRef = 326F39121BA90E0600D395CA /* LaunchScreen.storyboard */; };
/* End PBXBuildFile section */

/* Begin PBXFileReference section */
		326F39061BA90E0600D395CA /* Webcomic Viewer.app */ = {isa = PBXFileReference; explicitFileType = wrapper.application; includeInIndex = 0; path = "Webcomic Viewer.app"; sourceTree = BUILT_PRODUCTS_DIR; };
		326F39091BA90E0600D395CA /* AppDelegate.swift */ = {isa = PBXFileReference; lastKnownFileType = sourcecode.swift; path = AppDelegate.swift; sourceTree = "<group>"; };
		326F390B1BA90E0600D395CA /* ViewController.swift */ = {isa = PBXFileReference; lastKnownFileType = sourcecode.swift; path = ViewController.swift; sourceTree = "<group>"; };
		326F390E1BA90E0600D395CA /* Base */ = {isa = PBXFileReference; lastKnownFileType = file.storyboard; name = Base; path = Base.lproj/Main.storyboard; sourceTree = "<group>"; };
		326F39101BA90E0600D395CA /* Assets.xcassets */ = {isa = PBXFileReference; lastKnownFileType = folder.assetcatalog; path = Assets.xcassets; sourceTree = "<group>"; };
		326F39131BA90E0600D395CA /* Base */ = {isa = PBXFileReference; lastKnownFileType = file.storyboard; name = Base; path = Base.lproj/LaunchScreen.storyboard; sourceTree = "<group>"; };
		326F39151BA90E0600D395CA /* Info.plist */ = {isa = PBXFileReference; lastKnownFileType = text.plist.xml; path = Info.plist; sourceTree = "<group>"; };
/* End PBXFileReference section */

/* Begin PBXFrameworksBuildPhase section */
		326F39031BA90E0600D395CA /* Frameworks */ = {
			isa = PBXFrameworksBuildPhase;
			buildActionMask = 2147483647;
			files = (
			);
			runOnlyForDeploymentPostprocessing = 0;
		};
/* End PBXFrameworksBuildPhase section */

/* Begin PBXGroup section */
		326F38FD1BA90E0600D395CA = {
			isa = PBXGroup;
			children = (
				326F39081BA90E0600D395CA /* Webcomic Viewer */,
				326F39071BA90E0600D395CA /* Products */,
			);
			sourceTree = "<group>";
		};
		326F39071BA90E0600D395CA /* Products */ = {
			isa = PBXGroup;
			children = (
				326F39061BA90E0600D395CA /* Webcomic Viewer.app */,
			);
			name = Products;
			sourceTree = "<group>";
		};
		326F39081BA90E0600D395CA /* Webcomic Viewer */ = {
			isa = PBXGroup;
			children = (
				326F39091BA90E0600D395CA /* AppDelegate.swift */,
				326F390B1BA90E0600D395CA /* ViewController.swift */,
				326F390D1BA90E0600D395CA /* Main.storyboard */,
				326F39101BA90E0600D395CA /* Assets.xcassets */,
				326F39121BA90E0600D395CA /* LaunchScreen.storyboard */,
				326F39151BA90E0600D395CA /* Info.plist */,
			);
			path = "Webcomic Viewer";
			sourceTree = "<group>";
		};
/* End PBXGroup section */

/* Begin PBXNativeTarget section */
		326F39051BA90E0600D395CA /* Webcomic Viewer */ = {
			isa = PBXNativeTarget;
			buildConfigurationList = 326F39181BA90E0600D395CA /* Build configuration list for PBXNativeTarget "Webcomic Viewer" */;
			buildPhases = (
				326F39021BA90E0600D395CA /* Sources */,
				326F39031BA90E0600D395CA /* Frameworks */,
				326F39041BA90E0600D395CA /* Resources */,
			);
			buildRules = (
			);
			dependencies = (
			);
			name = "Webcomic Viewer";
			productName = "Webcomic Viewer";
			productReference = 326F39061BA90E0600D395CA /* Webcomic Viewer.app */;
			productType = "com.apple.product-type.application";
		};
/* End PBXNativeTarget section */

/* Begin PBXProject section */
		326F38FE1BA90E0600D395CA /* Project object */ = {
			isa = PBXProject;
			attributes = {
				LastUpgradeCheck = 0700;
				ORGANIZATIONNAME = TangWeichang;
				TargetAttributes = {
					326F39051BA90E0600D395CA = {
						CreatedOnToolsVersion = 7.0;
						DevelopmentTeam = HEHUEH4R7F;
					};
				};
			};
			buildConfigurationList = 326F39011BA90E0600D395CA /* Build configuration list for PBXProject "Webcomic Viewer" */;
			compatibilityVersion = "Xcode 3.2";
			developmentRegion = English;
			hasScannedForEncodings = 0;
			knownRegions = (
				en,
				Base,
			);
			mainGroup = 326F38FD1BA90E0600D395CA;
			productRefGroup = 326F39071BA90E0600D395CA /* Products */;
			projectDirPath = "";
			projectRoot = "";
			targets = (
				326F39051BA90E0600D395CA /* Webcomic Viewer */,
			);
		};
/* End PBXProject section */

/* Begin PBXResourcesBuildPhase section */
		326F39041BA90E0600D395CA /* Resources */ = {
			isa = PBXResourcesBuildPhase;
			buildActionMask = 2147483647;
			files = (
				326F39141BA90E0600D395CA /* LaunchScreen.storyboard in Resources */,
				326F39111BA90E0600D395CA /* Assets.xcassets in Resources */,
				326F390F1BA90E0600D395CA /* Main.storyboard in Resources */,
			);
			runOnlyForDeploymentPostprocessing = 0;
		};
/* End PBXResourcesBuildPhase section */

/* Begin PBXSourcesBuildPhase section */
		326F39021BA90E0600D395CA /* Sources */ = {
			isa = PBXSourcesBuildPhase;
			buildActionMask = 2147483647;
			files = (
				326F390C1BA90E0600D395CA /* ViewController.swift in Sources */,
				326F390A1BA90E0600D395CA /* AppDelegate.swift in Sources */,
			);
			runOnlyForDeploymentPostprocessing = 0;
		};
/* End PBXSourcesBuildPhase section */

/* Begin PBXVariantGroup section */
		326F390D1BA90E0600D395CA /* Main.storyboard */ = {
			isa = PBXVariantGroup;
			children = (
				326F390E1BA90E0600D395CA /* Base */,
			);
			name = Main.storyboard;
			sourceTree = "<group>";
		};
		326F39121BA90E0600D395CA /* LaunchScreen.storyboard */ = {
			isa = PBXVariantGroup;
			children = (
				326F39131BA90E0600D395CA /* Base */,
			);
			name = LaunchScreen.storyboard;
			sourceTree = "<group>";
		};
/* End PBXVariantGroup section */

/* Begin XCBuildConfiguration section */
		326F39161BA90E0600D395CA /* Debug */ = {
			isa = XCBuildConfiguration;
			buildSettings = {
				ALWAYS_SEARCH_USER_PATHS = NO;
				CLANG_CXX_LANGUAGE_STANDARD = "gnu++0x";
				CLANG_CXX_LIBRARY = "libc++";
				CLANG_ENABLE_MODULES = YES;
				CLANG_ENABLE_OBJC_ARC = YES;
				CLANG_WARN_BOOL_CONVERSION = YES;
				CLANG_WARN_CONSTANT_CONVERSION = YES;
				CLANG_WARN_DIRECT_OBJC_ISA_USAGE = YES_ERROR;
				CLANG_WARN_EMPTY_BODY = YES;
				CLANG_WARN_ENUM_CONVERSION = YES;
				CLANG_WARN_INT_CONVERSION = YES;
				CLANG_WARN_OBJC_ROOT_CLASS = YES_ERROR;
				CLANG_WARN_UNREACHABLE_CODE = YES;
				CLANG_WARN__DUPLICATE_METHOD_MATCH = YES;
				"CODE_SIGN_IDENTITY[sdk=iphoneos*]" = "iPhone Developer";
				COPY_PHASE_STRIP = NO;
				DEBUG_INFORMATION_FORMAT = dwarf;
				ENABLE_STRICT_OBJC_MSGSEND = YES;
				ENABLE_TESTABILITY = YES;
				GCC_C_LANGUAGE_STANDARD = gnu99;
				GCC_DYNAMIC_NO_PIC = NO;
				GCC_NO_COMMON_BLOCKS = YES;
				GCC_OPTIMIZATION_LEVEL = 0;
				GCC_PREPROCESSOR_DEFINITIONS = (
					"DEBUG=1",
					"$(inherited)",
				);
				GCC_WARN_64_TO_32_BIT_CONVERSION = YES;
				GCC_WARN_ABOUT_RETURN_TYPE = YES_ERROR;
				GCC_WARN_UNDECLARED_SELECTOR = YES;
				GCC_WARN_UNINITIALIZED_AUTOS = YES_AGGRESSIVE;
				GCC_WARN_UNUSED_FUNCTION = YES;
				GCC_WARN_UNUSED_VARIABLE = YES;
				IPHONEOS_DEPLOYMENT_TARGET = 9.0;
				MTL_ENABLE_DEBUG_INFO = YES;
				ONLY_ACTIVE_ARCH = YES;
				SDKROOT = iphoneos;
				SWIFT_OPTIMIZATION_LEVEL = "-Onone";
				TARGETED_DEVICE_FAMILY = "1,2";
			};
			name = Debug;
		};
		326F39171BA90E0600D395CA /* Release */ = {
			isa = XCBuildConfiguration;
			buildSettings = {
				ALWAYS_SEARCH_USER_PATHS = NO;
				CLANG_CXX_LANGUAGE_STANDARD = "gnu++0x";
				CLANG_CXX_LIBRARY = "libc++";
				CLANG_ENABLE_MODULES = YES;
				CLANG_ENABLE_OBJC_ARC = YES;
				CLANG_WARN_BOOL_CONVERSION = YES;
				CLANG_WARN_CONSTANT_CONVERSION = YES;
				CLANG_WARN_DIRECT_OBJC_ISA_USAGE = YES_ERROR;
				CLANG_WARN_EMPTY_BODY = YES;
				CLANG_WARN_ENUM_CONVERSION = YES;
				CLANG_WARN_INT_CONVERSION = YES;
				CLANG_WARN_OBJC_ROOT_CLASS = YES_ERROR;
				CLANG_WARN_UNREACHABLE_CODE = YES;
				CLANG_WARN__DUPLICATE_METHOD_MATCH = YES;
				"CODE_SIGN_IDENTITY[sdk=iphoneos*]" = "iPhone Developer";
				COPY_PHASE_STRIP = NO;
				DEBUG_INFORMATION_FORMAT = "dwarf-with-dsym";
				ENABLE_NS_ASSERTIONS = NO;
				ENABLE_STRICT_OBJC_MSGSEND = YES;
				GCC_C_LANGUAGE_STANDARD = gnu99;
				GCC_NO_COMMON_BLOCKS = YES;
				GCC_WARN_64_TO_32_BIT_CONVERSION = YES;
				GCC_WARN_ABOUT_RETURN_TYPE = YES_ERROR;
				GCC_WARN_UNDECLARED_SELECTOR = YES;
				GCC_WARN_UNINITIALIZED_AUTOS = YES_AGGRESSIVE;
				GCC_WARN_UNUSED_FUNCTION = YES;
				GCC_WARN_UNUSED_VARIABLE = YES;
				IPHONEOS_DEPLOYMENT_TARGET = 9.0;
				MTL_ENABLE_DEBUG_INFO = NO;
				SDKROOT = iphoneos;
				TARGETED_DEVICE_FAMILY = "1,2";
				VALIDATE_PRODUCT = YES;
			};
			name = Release;
		};
		326F39191BA90E0600D395CA /* Debug */ = {
			isa = XCBuildConfiguration;
			buildSettings = {
				ASSETCATALOG_COMPILER_APPICON_NAME = AppIcon;
				INFOPLIST_FILE = "Webcomic Viewer/Info.plist";
				LD_RUNPATH_SEARCH_PATHS = "$(inherited) @executable_path/Frameworks";
				PRODUCT_BUNDLE_IDENTIFIER = "weichang.apptry.Webcomic-Viewer";
				PRODUCT_NAME = "$(TARGET_NAME)";
			};
			name = Debug;
		};
		326F391A1BA90E0600D395CA /* Release */ = {
			isa = XCBuildConfiguration;
			buildSettings = {
				ASSETCATALOG_COMPILER_APPICON_NAME = AppIcon;
				INFOPLIST_FILE = "Webcomic Viewer/Info.plist";
				LD_RUNPATH_SEARCH_PATHS = "$(inherited) @executable_path/Frameworks";
				PRODUCT_BUNDLE_IDENTIFIER = "weichang.apptry.Webcomic-Viewer";
				PRODUCT_NAME = "$(TARGET_NAME)";
			};
			name = Release;
		};
/* End XCBuildConfiguration section */

/* Begin XCConfigurationList section */
		326F39011BA90E0600D395CA /* Build configuration list for PBXProject "Webcomic Viewer" */ = {
			isa = XCConfigurationList;
			buildConfigurations = (
				326F39161BA90E0600D395CA /* Debug */,
				326F39171BA90E0600D395CA /* Release */,
			);
			defaultConfigurationIsVisible = 0;
			defaultConfigurationName = Release;
		};
		326F39181BA90E0600D395CA /* Build configuration list for PBXNativeTarget "Webcomic Viewer" */ = {
			isa = XCConfigurationList;
			buildConfigurations = (
				326F39191BA90E0600D395CA /* Debug */,
				326F391A1BA90E0600D395CA /* Release */,
			);
			defaultConfigurationIsVisible = 0;
		};
/* End XCConfigurationList section */
	};
	rootObject = 326F38FE1BA90E0600D395CA /* Project object */;
}
